
Microsoft Visual Studio Solution File, Format Version 12.00
# Visual Studio Version 17
VisualStudioVersion = 17.4.33205.214
MinimumVisualStudioVersion = 10.0.40219.1
Project("{FAE04EC0-301F-11D3-BF4B-00C04F79EFBC}") = "osrUI", "osrUI.csproj", "{344D3596-BCDB-4B72-850C-1B8029A95803}"
EndProject
Global
	GlobalSection(SolutionConfigurationPlatforms) = preSolution
		Debug|Any CPU = Debug|Any CPU
		Release|Any CPU = Release|Any CPU
	EndGlobalSection
	GlobalSection(ProjectConfigurationPlatforms) = postSolution
		{344D3596-BCDB-4B72-850C-1B8029A95803}.Debug|Any CPU.ActiveCfg = Debug|Any CPU
		{344D3596-BCDB-4B72-850C-1B8029A95803}.Debug|Any CPU.Build.0 = Debug|Any CPU
		{344D3596-BCDB-4B72-850C-1B8029A95803}.Release|Any CPU.ActiveCfg = Release|Any CPU
		{344D3596-BCDB-4B72-850C-1B8029A95803}.Release|Any CPU.Build.0 = Release|Any CPU
	EndGlobalSection
	GlobalSection(SolutionProperties) = preSolution
		HideSolutionNode = FALSE
	EndGlobalSection
	GlobalSection(ExtensibilityGlobals) = postSolution
		SolutionGuid = {1851B6E1-8536-4300-A0FE-2B8FB3D9BE0F}
	EndGlobalSection
EndGlobal
